
Microsoft Visual Studio Solution File, Format Version 12.00
# Visual Studio Version 16
VisualStudioVersion = 16.0.30804.86
MinimumVisualStudioVersion = 10.0.40219.1
Project("{FAE04EC0-301F-11D3-BF4B-00C04F79EFBC}") = "GCD0705.AppDev", "GCD0705.AppDev\GCD0705.AppDev.csproj", "{B200F053-381A-42CD-A895-D06AA5691EBE}"
EndProject
Global
	GlobalSection(SolutionConfigurationPlatforms) = preSolution
		Debug|Any CPU = Debug|Any CPU
		Release|Any CPU = Release|Any CPU
	EndGlobalSection
	GlobalSection(ProjectConfigurationPlatforms) = postSolution
		{B200F053-381A-42CD-A895-D06AA5691EBE}.Debug|Any CPU.ActiveCfg = Debug|Any CPU
		{B200F053-381A-42CD-A895-D06AA5691EBE}.Debug|Any CPU.Build.0 = Debug|Any CPU
		{B200F053-381A-42CD-A895-D06AA5691EBE}.Release|Any CPU.ActiveCfg = Release|Any CPU
		{B200F053-381A-42CD-A895-D06AA5691EBE}.Release|Any CPU.Build.0 = Release|Any CPU
	EndGlobalSection
	GlobalSection(SolutionProperties) = preSolution
		HideSolutionNode = FALSE
	EndGlobalSection
	GlobalSection(ExtensibilityGlobals) = postSolution
		SolutionGuid = {A3C1E05C-49A0-485B-AC3D-247575AC65E3}
	EndGlobalSection
EndGlobal
